Microsoft Visual Studio Solution File, Format Version 12.00
# Visual Studio Version 17
VisualStudioVersion = 17.5.2.0
MinimumVisualStudioVersion = 10.0.40219.1
Project("{FAE04EC0-301F-11D3-BF4B-00C04F79EFBC}") = "apbd-cw5-ASPNET-s26655", "apbd-cw5-ASPNET-s26655\apbd-cw5-ASPNET-s26655.csproj", "{3C654B89-51A0-8E65-A7F3-029CD9FBD5A1}"
EndProject
Global
	GlobalSection(SolutionConfigurationPlatforms) = preSolution
		Debug|Any CPU = Debug|Any CPU
		Release|Any CPU = Release|Any CPU
	EndGlobalSection
	GlobalSection(ProjectConfigurationPlatforms) = postSolution
		{3C654B89-51A0-8E65-A7F3-029CD9FBD5A1}.Debug|Any CPU.ActiveCfg = Debug|Any CPU
		{3C654B89-51A0-8E65-A7F3-029CD9FBD5A1}.Debug|Any CPU.Build.0 = Debug|Any CPU
		{3C654B89-51A0-8E65-A7F3-029CD9FBD5A1}.Release|Any CPU.ActiveCfg = Release|Any CPU
		{3C654B89-51A0-8E65-A7F3-029CD9FBD5A1}.Release|Any CPU.Build.0 = Release|Any CPU
	EndGlobalSection
	GlobalSection(SolutionProperties) = preSolution
		HideSolutionNode = FALSE
	EndGlobalSection
	GlobalSection(ExtensibilityGlobals) = postSolution
		SolutionGuid = {B1E83025-451F-4CD2-AEC9-D48CA6F69FE8}
	EndGlobalSection
EndGlobal
